// !$*UTF8*$!
{
	archiveVersion = 1;
	classes = {
	};
	objectVersion = 46;
	objects = {

/* Begin PBXBuildFile section */
		347D4B5F1BB9C3520080DCE9 /* main.m in Sources */ = {isa = PBXBuildFile; fileRef = 347D4B5E1BB9C3520080DCE9 /* main.m */; };
		347D4B621BB9C3520080DCE9 /* AppDelegate.m in Sources */ = {isa = PBXBuildFile; fileRef = 347D4B611BB9C3520080DCE9 /* AppDelegate.m */; };
		347D4B651BB9C3520080DCE9 /* ViewController.m in Sources */ = {isa = PBXBuildFile; fileRef = 347D4B641BB9C3520080DCE9 /* ViewController.m */; };
		347D4B681BB9C3520080DCE9 /* Main.storyboard in Resources */ = {isa = PBXBuildFile; fileRef = 347D4B661BB9C3520080DCE9 /* Main.storyboard */; };
		347D4B6A1BB9C3520080DCE9 /* Assets.xcassets in Resources */ = {isa = PBXBuildFile; fileRef = 347D4B691BB9C3520080DCE9 /* Assets.xcassets */; };
		347D4B6D1BB9C3520080DCE9 /* LaunchScreen.storyboard in Resources */ = {isa = PBXBuildFile; fileRef = 347D4B6B1BB9C3520080DCE9 /* LaunchScreen.storyboard */; };
		347D4B781BB9C3520080DCE9 /* minutnikTests.m in Sources */ = {isa = PBXBuildFile; fileRef = 347D4B771BB9C3520080DCE9 /* minutnikTests.m */; };
		347D4B831BB9C3530080DCE9 /* minutnikUITests.m in Sources */ = {isa = PBXBuildFile; fileRef = 347D4B821BB9C3530080DCE9 /* minutnikUITests.m */; };
/* End PBXBuildFile section */

/* Begin PBXContainerItemProxy section */
		347D4B741BB9C3520080DCE9 /* PBXContainerItemProxy */ = {
			isa = PBXContainerItemProxy;
			containerPortal = 347D4B521BB9C3520080DCE9 /* Project object */;
			proxyType = 1;
			remoteGlobalIDString = 347D4B591BB9C3520080DCE9;
			remoteInfo = minutnik;
		};
		347D4B7F1BB9C3530080DCE9 /* PBXContainerItemProxy */ = {
			isa = PBXContainerItemProxy;
			containerPortal = 347D4B521BB9C3520080DCE9 /* Project object */;
			proxyType = 1;
			remoteGlobalIDString = 347D4B591BB9C3520080DCE9;
			remoteInfo = minutnik;
		};
/* End PBXContainerItemProxy section */

/* Begin PBXFileReference section */
		347D4B5A1BB9C3520080DCE9 /* minutnik.app */ = {isa = PBXFileReference; explicitFileType = wrapper.application; includeInIndex = 0; path = minutnik.app; sourceTree = BUILT_PRODUCTS_DIR; };
		347D4B5E1BB9C3520080DCE9 /* main.m */ = {isa = PBXFileReference; lastKnownFileType = sourcecode.c.objc; path = main.m; sourceTree = "<group>"; };
		347D4B601BB9C3520080DCE9 /* AppDelegate.h */ = {isa = PBXFileReference; lastKnownFileType = sourcecode.c.h; path = AppDelegate.h; sourceTree = "<group>"; };
		347D4B611BB9C3520080DCE9 /* AppDelegate.m */ = {isa = PBXFileReference; lastKnownFileType = sourcecode.c.objc; path = AppDelegate.m; sourceTree = "<group>"; };
		347D4B631BB9C3520080DCE9 /* ViewController.h */ = {isa = PBXFileReference; lastKnownFileType = sourcecode.c.h; path = ViewController.h; sourceTree = "<group>"; };
		347D4B641BB9C3520080DCE9 /* ViewController.m */ = {isa = PBXFileReference; lastKnownFileType = sourcecode.c.objc; path = ViewController.m; sourceTree = "<group>"; };
		347D4B671BB9C3520080DCE9 /* Base */ = {isa = PBXFileReference; lastKnownFileType = file.storyboard; name = Base; path = Base.lproj/Main.storyboard; sourceTree = "<group>"; };
		347D4B691BB9C3520080DCE9 /* Assets.xcassets */ = {isa = PBXFileReference; lastKnownFileType = folder.assetcatalog; path = Assets.xcassets; sourceTree = "<group>"; };
		347D4B6C1BB9C3520080DCE9 /* Base */ = {isa = PBXFileReference; lastKnownFileType = file.storyboard; name = Base; path = Base.lproj/LaunchScreen.storyboard; sourceTree = "<group>"; };
		347D4B6E1BB9C3520080DCE9 /* Info.plist */ = {isa = PBXFileReference; lastKnownFileType = text.plist.xml; path = Info.plist; sourceTree = "<group>"; };
		347D4B731BB9C3520080DCE9 /* minutnikTests.xctest */ = {isa = PBXFileReference; explicitFileType = wrapper.cfbundle; includeInIndex = 0; path = minutnikTests.xctest; sourceTree = BUILT_PRODUCTS_DIR; };
		347D4B771BB9C3520080DCE9 /* minutnikTests.m */ = {isa = PBXFileReference; lastKnownFileType = sourcecode.c.objc; path = minutnikTests.m; sourceTree = "<group>"; };
		347D4B791BB9C3530080DCE9 /* Info.plist */ = {isa = PBXFileReference; lastKnownFileType = text.plist.xml; path = Info.plist; sourceTree = "<group>"; };
		347D4B7E1BB9C3530080DCE9 /* minutnikUITests.xctest */ = {isa = PBXFileReference; explicitFileType = wrapper.cfbundle; includeInIndex = 0; path = minutnikUITests.xctest; sourceTree = BUILT_PRODUCTS_DIR; };
		347D4B821BB9C3530080DCE9 /* minutnikUITests.m */ = {isa = PBXFileReference; lastKnownFileType = sourcecode.c.objc; path = minutnikUITests.m; sourceTree = "<group>"; };
		347D4B841BB9C3530080DCE9 /* Info.plist */ = {isa = PBXFileReference; lastKnownFileType = text.plist.xml; path = Info.plist; sourceTree = "<group>"; };
/* End PBXFileReference section */

/* Begin PBXFrameworksBuildPhase section */
		347D4B571BB9C3520080DCE9 /* Frameworks */ = {
			isa = PBXFrameworksBuildPhase;
			buildActionMask = 2147483647;
			files = (
			);
			runOnlyForDeploymentPostprocessing = 0;
		};
		347D4B701BB9C3520080DCE9 /* Frameworks */ = {
			isa = PBXFrameworksBuildPhase;
			buildActionMask = 2147483647;
			files = (
			);
			runOnlyForDeploymentPostprocessing = 0;
		};
		347D4B7B1BB9C3530080DCE9 /* Frameworks */ = {
			isa = PBXFrameworksBuildPhase;
			buildActionMask = 2147483647;
			files = (
			);
			runOnlyForDeploymentPostprocessing = 0;
		};
/* End PBXFrameworksBuildPhase section */

/* Begin PBXGroup section */
		347D4B511BB9C3520080DCE9 = {
			isa = PBXGroup;
			children = (
				347D4B5C1BB9C3520080DCE9 /* minutnik */,
				347D4B761BB9C3520080DCE9 /* minutnikTests */,
				347D4B811BB9C3530080DCE9 /* minutnikUITests */,
				347D4B5B1BB9C3520080DCE9 /* Products */,
			);
			sourceTree = "<group>";
		};
		347D4B5B1BB9C3520080DCE9 /* Products */ = {
			isa = PBXGroup;
			children = (
				347D4B5A1BB9C3520080DCE9 /* minutnik.app */,
				347D4B731BB9C3520080DCE9 /* minutnikTests.xctest */,
				347D4B7E1BB9C3530080DCE9 /* minutnikUITests.xctest */,
			);
			name = Products;
			sourceTree = "<group>";
		};
		347D4B5C1BB9C3520080DCE9 /* minutnik */ = {
			isa = PBXGroup;
			children = (
				347D4B601BB9C3520080DCE9 /* AppDelegate.h */,
				347D4B611BB9C3520080DCE9 /* AppDelegate.m */,
				347D4B631BB9C3520080DCE9 /* ViewController.h */,
				347D4B641BB9C3520080DCE9 /* ViewController.m */,
				347D4B661BB9C3520080DCE9 /* Main.storyboard */,
				347D4B691BB9C3520080DCE9 /* Assets.xcassets */,
				347D4B6B1BB9C3520080DCE9 /* LaunchScreen.storyboard */,
				347D4B6E1BB9C3520080DCE9 /* Info.plist */,
				347D4B5D1BB9C3520080DCE9 /* Supporting Files */,
			);
			path = minutnik;
			sourceTree = "<group>";
		};
		347D4B5D1BB9C3520080DCE9 /* Supporting Files */ = {
			isa = PBXGroup;
			children = (
				347D4B5E1BB9C3520080DCE9 /* main.m */,
			);
			name = "Supporting Files";
			sourceTree = "<group>";
		};
		347D4B761BB9C3520080DCE9 /* minutnikTests */ = {
			isa = PBXGroup;
			children = (
				347D4B771BB9C3520080DCE9 /* minutnikTests.m */,
				347D4B791BB9C3530080DCE9 /* Info.plist */,
			);
			path = minutnikTests;
			sourceTree = "<group>";
		};
		347D4B811BB9C3530080DCE9 /* minutnikUITests */ = {
			isa = PBXGroup;
			children = (
				347D4B821BB9C3530080DCE9 /* minutnikUITests.m */,
				347D4B841BB9C3530080DCE9 /* Info.plist */,
			);
			path = minutnikUITests;
			sourceTree = "<group>";
		};
/* End PBXGroup section */

/* Begin PBXNativeTarget section */
		347D4B591BB9C3520080DCE9 /* minutnik */ = {
			isa = PBXNativeTarget;
			buildConfigurationList = 347D4B871BB9C3530080DCE9 /* Build configuration list for PBXNativeTarget "minutnik" */;
			buildPhases = (
				347D4B561BB9C3520080DCE9 /* Sources */,
				347D4B571BB9C3520080DCE9 /* Frameworks */,
				347D4B581BB9C3520080DCE9 /* Resources */,
			);
			buildRules = (
			);
			dependencies = (
			);
			name = minutnik;
			productName = minutnik;
			productReference = 347D4B5A1BB9C3520080DCE9 /* minutnik.app */;
			productType = "com.apple.product-type.application";
		};
		347D4B721BB9C3520080DCE9 /* minutnikTests */ = {
			isa = PBXNativeTarget;
			buildConfigurationList = 347D4B8A1BB9C3530080DCE9 /* Build configuration list for PBXNativeTarget "minutnikTests" */;
			buildPhases = (
				347D4B6F1BB9C3520080DCE9 /* Sources */,
				347D4B701BB9C3520080DCE9 /* Frameworks */,
				347D4B711BB9C3520080DCE9 /* Resources */,
			);
			buildRules = (
			);
			dependencies = (
				347D4B751BB9C3520080DCE9 /* PBXTargetDependency */,
			);
			name = minutnikTests;
			productName = minutnikTests;
			productReference = 347D4B731BB9C3520080DCE9 /* minutnikTests.xctest */;
			productType = "com.apple.product-type.bundle.unit-test";
		};
		347D4B7D1BB9C3530080DCE9 /* minutnikUITests */ = {
			isa = PBXNativeTarget;
			buildConfigurationList = 347D4B8D1BB9C3530080DCE9 /* Build configuration list for PBXNativeTarget "minutnikUITests" */;
			buildPhases = (
				347D4B7A1BB9C3530080DCE9 /* Sources */,
				347D4B7B1BB9C3530080DCE9 /* Frameworks */,
				347D4B7C1BB9C3530080DCE9 /* Resources */,
			);
			buildRules = (
			);
			dependencies = (
				347D4B801BB9C3530080DCE9 /* PBXTargetDependency */,
			);
			name = minutnikUITests;
			productName = minutnikUITests;
			productReference = 347D4B7E1BB9C3530080DCE9 /* minutnikUITests.xctest */;
			productType = "com.apple.product-type.bundle.ui-testing";
		};
/* End PBXNativeTarget section */

/* Begin PBXProject section */
		347D4B521BB9C3520080DCE9 /* Project object */ = {
			isa = PBXProject;
			attributes = {
				LastUpgradeCheck = 0700;
				ORGANIZATIONNAME = "Michał Żółtko";
				TargetAttributes = {
					347D4B591BB9C3520080DCE9 = {
						CreatedOnToolsVersion = 7.0;
					};
					347D4B721BB9C3520080DCE9 = {
						CreatedOnToolsVersion = 7.0;
						TestTargetID = 347D4B591BB9C3520080DCE9;
					};
					347D4B7D1BB9C3530080DCE9 = {
						CreatedOnToolsVersion = 7.0;
						TestTargetID = 347D4B591BB9C3520080DCE9;
					};
				};
			};
			buildConfigurationList = 347D4B551BB9C3520080DCE9 /* Build configuration list for PBXProject "minutnik" */;
			compatibilityVersion = "Xcode 3.2";
			developmentRegion = English;
			hasScannedForEncodings = 0;
			knownRegions = (
				en,
				Base,
			);
			mainGroup = 347D4B511BB9C3520080DCE9;
			productRefGroup = 347D4B5B1BB9C3520080DCE9 /* Products */;
			projectDirPath = "";
			projectRoot = "";
			targets = (
				347D4B591BB9C3520080DCE9 /* minutnik */,
				347D4B721BB9C3520080DCE9 /* minutnikTests */,
				347D4B7D1BB9C3530080DCE9 /* minutnikUITests */,
			);
		};
/* End PBXProject section */

/* Begin PBXResourcesBuildPhase section */
		347D4B581BB9C3520080DCE9 /* Resources */ = {
			isa = PBXResourcesBuildPhase;
			buildActionMask = 2147483647;
			files = (
				347D4B6D1BB9C3520080DCE9 /* LaunchScreen.storyboard in Resources */,
				347D4B6A1BB9C3520080DCE9 /* Assets.xcassets in Resources */,
				347D4B681BB9C3520080DCE9 /* Main.storyboard in Resources */,
			);
			runOnlyForDeploymentPostprocessing = 0;
		};
		347D4B711BB9C3520080DCE9 /* Resources */ = {
			isa = PBXResourcesBuildPhase;
			buildActionMask = 2147483647;
			files = (
			);
			runOnlyForDeploymentPostprocessing = 0;
		};
		347D4B7C1BB9C3530080DCE9 /* Resources */ = {
			isa = PBXResourcesBuildPhase;
			buildActionMask = 2147483647;
			files = (
			);
			runOnlyForDeploymentPostprocessing = 0;
		};
/* End PBXResourcesBuildPhase section */

/* Begin PBXSourcesBuildPhase section */
		347D4B561BB9C3520080DCE9 /* Sources */ = {
			isa = PBXSourcesBuildPhase;
			buildActionMask = 2147483647;
			files = (
				347D4B651BB9C3520080DCE9 /* ViewController.m in Sources */,
				347D4B621BB9C3520080DCE9 /* AppDelegate.m in Sources */,
				347D4B5F1BB9C3520080DCE9 /* main.m in Sources */,
			);
			runOnlyForDeploymentPostprocessing = 0;
		};
		347D4B6F1BB9C3520080DCE9 /* Sources */ = {
			isa = PBXSourcesBuildPhase;
			buildActionMask = 2147483647;
			files = (
				347D4B781BB9C3520080DCE9 /* minutnikTests.m in Sources */,
			);
			runOnlyForDeploymentPostprocessing = 0;
		};
		347D4B7A1BB9C3530080DCE9 /* Sources */ = {
			isa = PBXSourcesBuildPhase;
			buildActionMask = 2147483647;
			files = (
				347D4B831BB9C3530080DCE9 /* minutnikUITests.m in Sources */,
			);
			runOnlyForDeploymentPostprocessing = 0;
		};
/* End PBXSourcesBuildPhase section */

/* Begin PBXTargetDependency section */
		347D4B751BB9C3520080DCE9 /* PBXTargetDependency */ = {
			isa = PBXTargetDependency;
			target = 347D4B591BB9C3520080DCE9 /* minutnik */;
			targetProxy = 347D4B741BB9C3520080DCE9 /* PBXContainerItemProxy */;
		};
		347D4B801BB9C3530080DCE9 /* PBXTargetDependency */ = {
			isa = PBXTargetDependency;
			target = 347D4B591BB9C3520080DCE9 /* minutnik */;
			targetProxy = 347D4B7F1BB9C3530080DCE9 /* PBXContainerItemProxy */;
		};
/* End PBXTargetDependency section */

/* Begin PBXVariantGroup section */
		347D4B661BB9C3520080DCE9 /* Main.storyboard */ = {
			isa = PBXVariantGroup;
			children = (
				347D4B671BB9C3520080DCE9 /* Base */,
			);
			name = Main.storyboard;
			sourceTree = "<group>";
		};
		347D4B6B1BB9C3520080DCE9 /* LaunchScreen.storyboard */ = {
			isa = PBXVariantGroup;
			children = (
				347D4B6C1BB9C3520080DCE9 /* Base */,
			);
			name = LaunchScreen.storyboard;
			sourceTree = "<group>";
		};
/* End PBXVariantGroup section */

/* Begin XCBuildConfiguration section */
		347D4B851BB9C3530080DCE9 /* Debug */ = {
			isa = XCBuildConfiguration;
			buildSettings = {
				ALWAYS_SEARCH_USER_PATHS = NO;
				CLANG_CXX_LANGUAGE_STANDARD = "gnu++0x";
				CLANG_CXX_LIBRARY = "libc++";
				CLANG_ENABLE_MODULES = YES;
				CLANG_ENABLE_OBJC_ARC = YES;
				CLANG_WARN_BOOL_CONVERSION = YES;
				CLANG_WARN_CONSTANT_CONVERSION = YES;
				CLANG_WARN_DIRECT_OBJC_ISA_USAGE = YES_ERROR;
				CLANG_WARN_EMPTY_BODY = YES;
				CLANG_WARN_ENUM_CONVERSION = YES;
				CLANG_WARN_INT_CONVERSION = YES;
				CLANG_WARN_OBJC_ROOT_CLASS = YES_ERROR;
				CLANG_WARN_UNREACHABLE_CODE = YES;
				CLANG_WARN__DUPLICATE_METHOD_MATCH = YES;
				"CODE_SIGN_IDENTITY[sdk=iphoneos*]" = "iPhone Developer";
				COPY_PHASE_STRIP = NO;
				DEBUG_INFORMATION_FORMAT = dwarf;
				ENABLE_STRICT_OBJC_MSGSEND = YES;
				ENABLE_TESTABILITY = YES;
				GCC_C_LANGUAGE_STANDARD = gnu99;
				GCC_DYNAMIC_NO_PIC = NO;
				GCC_NO_COMMON_BLOCKS = YES;
				GCC_OPTIMIZATION_LEVEL = 0;
				GCC_PREPROCESSOR_DEFINITIONS = (
					"DEBUG=1",
					"$(inherited)",
				);
				GCC_WARN_64_TO_32_BIT_CONVERSION = YES;
				GCC_WARN_ABOUT_RETURN_TYPE = YES_ERROR;
				GCC_WARN_UNDECLARED_SELECTOR = YES;
				GCC_WARN_UNINITIALIZED_AUTOS = YES_AGGRESSIVE;
				GCC_WARN_UNUSED_FUNCTION = YES;
				GCC_WARN_UNUSED_VARIABLE = YES;
				IPHONEOS_DEPLOYMENT_TARGET = 9.0;
				MTL_ENABLE_DEBUG_INFO = YES;
				ONLY_ACTIVE_ARCH = YES;
				SDKROOT = iphoneos;
			};
			name = Debug;
		};
		347D4B861BB9C3530080DCE9 /* Release */ = {
			isa = XCBuildConfiguration;
			buildSettings = {
				ALWAYS_SEARCH_USER_PATHS = NO;
				CLANG_CXX_LANGUAGE_STANDARD = "gnu++0x";
				CLANG_CXX_LIBRARY = "libc++";
				CLANG_ENABLE_MODULES = YES;
				CLANG_ENABLE_OBJC_ARC = YES;
				CLANG_WARN_BOOL_CONVERSION = YES;
				CLANG_WARN_CONSTANT_CONVERSION = YES;
				CLANG_WARN_DIRECT_OBJC_ISA_USAGE = YES_ERROR;
				CLANG_WARN_EMPTY_BODY = YES;
				CLANG_WARN_ENUM_CONVERSION = YES;
				CLANG_WARN_INT_CONVERSION = YES;
				CLANG_WARN_OBJC_ROOT_CLASS = YES_ERROR;
				CLANG_WARN_UNREACHABLE_CODE = YES;
				CLANG_WARN__DUPLICATE_METHOD_MATCH = YES;
				"CODE_SIGN_IDENTITY[sdk=iphoneos*]" = "iPhone Developer";
				COPY_PHASE_STRIP = NO;
				DEBUG_INFORMATION_FORMAT = "dwarf-with-dsym";
				ENABLE_NS_ASSERTIONS = NO;
				ENABLE_STRICT_OBJC_MSGSEND = YES;
				GCC_C_LANGUAGE_STANDARD = gnu99;
				GCC_NO_COMMON_BLOCKS = YES;
				GCC_WARN_64_TO_32_BIT_CONVERSION = YES;
				GCC_WARN_ABOUT_RETURN_TYPE = YES_ERROR;
				GCC_WARN_UNDECLARED_SELECTOR = YES;
				GCC_WARN_UNINITIALIZED_AUTOS = YES_AGGRESSIVE;
				GCC_WARN_UNUSED_FUNCTION = YES;
				GCC_WARN_UNUSED_VARIABLE = YES;
				IPHONEOS_DEPLOYMENT_TARGET = 9.0;
				MTL_ENABLE_DEBUG_INFO = NO;
				SDKROOT = iphoneos;
				VALIDATE_PRODUCT = YES;
			};
			name = Release;
		};
		347D4B881BB9C3530080DCE9 /* Debug */ = {
			isa = XCBuildConfiguration;
			buildSettings = {
				ASSETCATALOG_COMPILER_APPICON_NAME = AppIcon;
				INFOPLIST_FILE = minutnik/Info.plist;
				LD_RUNPATH_SEARCH_PATHS = "$(inherited) @executable_path/Frameworks";
				PRODUCT_BUNDLE_IDENTIFIER = nci125.minutnik;
				PRODUCT_NAME = "$(TARGET_NAME)";
			};
			name = Debug;
		};
		347D4B891BB9C3530080DCE9 /* Release */ = {
			isa = XCBuildConfiguration;
			buildSettings = {
				ASSETCATALOG_COMPILER_APPICON_NAME = AppIcon;
				INFOPLIST_FILE = minutnik/Info.plist;
				LD_RUNPATH_SEARCH_PATHS = "$(inherited) @executable_path/Frameworks";
				PRODUCT_BUNDLE_IDENTIFIER = nci125.minutnik;
				PRODUCT_NAME = "$(TARGET_NAME)";
			};
			name = Release;
		};
		347D4B8B1BB9C3530080DCE9 /* Debug */ = {
			isa = XCBuildConfiguration;
			buildSettings = {
				BUNDLE_LOADER = "$(TEST_HOST)";
				INFOPLIST_FILE = minutnikTests/Info.plist;
				LD_RUNPATH_SEARCH_PATHS = "$(inherited) @executable_path/Frameworks @loader_path/Frameworks";
				PRODUCT_BUNDLE_IDENTIFIER = nci125.minutnikTests;
				PRODUCT_NAME = "$(TARGET_NAME)";
				TEST_HOST = "$(BUILT_PRODUCTS_DIR)/minutnik.app/minutnik";
			};
			name = Debug;
		};
		347D4B8C1BB9C3530080DCE9 /* Release */ = {
			isa = XCBuildConfiguration;
			buildSettings = {
				BUNDLE_LOADER = "$(TEST_HOST)";
				INFOPLIST_FILE = minutnikTests/Info.plist;
				LD_RUNPATH_SEARCH_PATHS = "$(inherited) @executable_path/Frameworks @loader_path/Frameworks";
				PRODUCT_BUNDLE_IDENTIFIER = nci125.minutnikTests;
				PRODUCT_NAME = "$(TARGET_NAME)";
				TEST_HOST = "$(BUILT_PRODUCTS_DIR)/minutnik.app/minutnik";
			};
			name = Release;
		};
		347D4B8E1BB9C3530080DCE9 /* Debug */ = {
			isa = XCBuildConfiguration;
			buildSettings = {
				INFOPLIST_FILE = minutnikUITests/Info.plist;
				LD_RUNPATH_SEARCH_PATHS = "$(inherited) @executable_path/Frameworks @loader_path/Frameworks";
				PRODUCT_BUNDLE_IDENTIFIER = nci125.minutnikUITests;
				PRODUCT_NAME = "$(TARGET_NAME)";
				TEST_TARGET_NAME = minutnik;
				USES_XCTRUNNER = YES;
			};
			name = Debug;
		};
		347D4B8F1BB9C3530080DCE9 /* Release */ = {
			isa = XCBuildConfiguration;
			buildSettings = {
				INFOPLIST_FILE = minutnikUITests/Info.plist;
				LD_RUNPATH_SEARCH_PATHS = "$(inherited) @executable_path/Frameworks @loader_path/Frameworks";
				PRODUCT_BUNDLE_IDENTIFIER = nci125.minutnikUITests;
				PRODUCT_NAME = "$(TARGET_NAME)";
				TEST_TARGET_NAME = minutnik;
				USES_XCTRUNNER = YES;
			};
			name = Release;
		};
/* End XCBuildConfiguration section */

/* Begin XCConfigurationList section */
		347D4B551BB9C3520080DCE9 /* Build configuration list for PBXProject "minutnik" */ = {
			isa = XCConfigurationList;
			buildConfigurations = (
				347D4B851BB9C3530080DCE9 /* Debug */,
				347D4B861BB9C3530080DCE9 /* Release */,
			);
			defaultConfigurationIsVisible = 0;
			defaultConfigurationName = Release;
		};
		347D4B871BB9C3530080DCE9 /* Build configuration list for PBXNativeTarget "minutnik" */ = {
			isa = XCConfigurationList;
			buildConfigurations = (
				347D4B881BB9C3530080DCE9 /* Debug */,
				347D4B891BB9C3530080DCE9 /* Release */,
			);
			defaultConfigurationIsVisible = 0;
		};
		347D4B8A1BB9C3530080DCE9 /* Build configuration list for PBXNativeTarget "minutnikTests" */ = {
			isa = XCConfigurationList;
			buildConfigurations = (
				347D4B8B1BB9C3530080DCE9 /* Debug */,
				347D4B8C1BB9C3530080DCE9 /* Release */,
			);
			defaultConfigurationIsVisible = 0;
		};
		347D4B8D1BB9C3530080DCE9 /* Build configuration list for PBXNativeTarget "minutnikUITests" */ = {
			isa = XCConfigurationList;
			buildConfigurations = (
				347D4B8E1BB9C3530080DCE9 /* Debug */,
				347D4B8F1BB9C3530080DCE9 /* Release */,
			);
			defaultConfigurationIsVisible = 0;
		};
/* End XCConfigurationList section */
	};
	rootObject = 347D4B521BB9C3520080DCE9 /* Project object */;
}
